
Microsoft Visual Studio Solution File, Format Version 12.00
# Visual Studio Version 16
VisualStudioVersion = 16.0.31729.503
MinimumVisualStudioVersion = 10.0.40219.1
Project("{2150E333-8FDC-42A3-9474-1A3956D46DE8}") = "Services", "Services", "{7E8284A2-0410-43AD-8205-337C2B95A894}"
EndProject
Project("{2150E333-8FDC-42A3-9474-1A3956D46DE8}") = "Catalog", "Catalog", "{6C27ADE8-FB98-450F-95C6-E03697BDEF9A}"
EndProject
Project("{FAE04EC0-301F-11D3-BF4B-00C04F79EFBC}") = "Catalog.API", "Services\Catalog\Catalog.API\Catalog.API.csproj", "{2FC00905-BC11-4D45-8D0F-F815C7B4651C}"
EndProject
Global
	GlobalSection(SolutionConfigurationPlatforms) = preSolution
		Debug|Any CPU = Debug|Any CPU
		Release|Any CPU = Release|Any CPU
	EndGlobalSection
	GlobalSection(ProjectConfigurationPlatforms) = postSolution
		{2FC00905-BC11-4D45-8D0F-F815C7B4651C}.Debug|Any CPU.ActiveCfg = Debug|Any CPU
		{2FC00905-BC11-4D45-8D0F-F815C7B4651C}.Debug|Any CPU.Build.0 = Debug|Any CPU
		{2FC00905-BC11-4D45-8D0F-F815C7B4651C}.Release|Any CPU.ActiveCfg = Release|Any CPU
		{2FC00905-BC11-4D45-8D0F-F815C7B4651C}.Release|Any CPU.Build.0 = Release|Any CPU
	EndGlobalSection
	GlobalSection(SolutionProperties) = preSolution
		HideSolutionNode = FALSE
	EndGlobalSection
	GlobalSection(NestedProjects) = preSolution
		{6C27ADE8-FB98-450F-95C6-E03697BDEF9A} = {7E8284A2-0410-43AD-8205-337C2B95A894}
		{2FC00905-BC11-4D45-8D0F-F815C7B4651C} = {6C27ADE8-FB98-450F-95C6-E03697BDEF9A}
	EndGlobalSection
	GlobalSection(ExtensibilityGlobals) = postSolution
		SolutionGuid = {65F6305C-F386-43A6-87BA-1CB7A2057BD2}
	EndGlobalSection
EndGlobal
